
Microsoft Visual Studio Solution File, Format Version 12.00
# Visual Studio Version 17
VisualStudioVersion = 17.0.31903.59
MinimumVisualStudioVersion = 10.0.40219.1
Project("{2150E333-8FDC-42A3-9474-1A3956D46DE8}") = "src", "src", "{0009D92B-6E35-4E07-82E8-6886ACFC1721}"
EndProject
Project("{9A19103F-16F7-4668-BE54-9A1E7A4F7556}") = "Jwu", "src\Jwu\Jwu.csproj", "{21090B83-8782-4121-B484-FEE8BB2BFE6E}"
EndProject
Project("{9A19103F-16F7-4668-BE54-9A1E7A4F7556}") = "Jwu.UnitTest", "src\Jwu.UnitTest\Jwu.UnitTest.csproj", "{38E53E66-B7DB-466A-B88E-EF669FD2F4F7}"
EndProject
Project("{FAE04EC0-301F-11D3-BF4B-00C04F79EFBC}") = "Jwu.XunitAssertions", "Jwu.XunitAssertions\Jwu.XunitAssertions.csproj", "{4E519C62-DCCB-4726-A780-93D6763D5145}"
EndProject
Global
	GlobalSection(SolutionConfigurationPlatforms) = preSolution
		Debug|Any CPU = Debug|Any CPU
		Release|Any CPU = Release|Any CPU
	EndGlobalSection
	GlobalSection(ProjectConfigurationPlatforms) = postSolution
		{21090B83-8782-4121-B484-FEE8BB2BFE6E}.Debug|Any CPU.ActiveCfg = Debug|Any CPU
		{21090B83-8782-4121-B484-FEE8BB2BFE6E}.Debug|Any CPU.Build.0 = Debug|Any CPU
		{21090B83-8782-4121-B484-FEE8BB2BFE6E}.Release|Any CPU.ActiveCfg = Release|Any CPU
		{21090B83-8782-4121-B484-FEE8BB2BFE6E}.Release|Any CPU.Build.0 = Release|Any CPU
		{38E53E66-B7DB-466A-B88E-EF669FD2F4F7}.Debug|Any CPU.ActiveCfg = Debug|Any CPU
		{38E53E66-B7DB-466A-B88E-EF669FD2F4F7}.Debug|Any CPU.Build.0 = Debug|Any CPU
		{38E53E66-B7DB-466A-B88E-EF669FD2F4F7}.Release|Any CPU.ActiveCfg = Release|Any CPU
		{38E53E66-B7DB-466A-B88E-EF669FD2F4F7}.Release|Any CPU.Build.0 = Release|Any CPU
		{4E519C62-DCCB-4726-A780-93D6763D5145}.Debug|Any CPU.ActiveCfg = Debug|Any CPU
		{4E519C62-DCCB-4726-A780-93D6763D5145}.Debug|Any CPU.Build.0 = Debug|Any CPU
		{4E519C62-DCCB-4726-A780-93D6763D5145}.Release|Any CPU.ActiveCfg = Release|Any CPU
		{4E519C62-DCCB-4726-A780-93D6763D5145}.Release|Any CPU.Build.0 = Release|Any CPU
	EndGlobalSection
	GlobalSection(SolutionProperties) = preSolution
		HideSolutionNode = FALSE
	EndGlobalSection
	GlobalSection(NestedProjects) = preSolution
		{21090B83-8782-4121-B484-FEE8BB2BFE6E} = {0009D92B-6E35-4E07-82E8-6886ACFC1721}
		{38E53E66-B7DB-466A-B88E-EF669FD2F4F7} = {0009D92B-6E35-4E07-82E8-6886ACFC1721}
		{4E519C62-DCCB-4726-A780-93D6763D5145} = {0009D92B-6E35-4E07-82E8-6886ACFC1721}
	EndGlobalSection
	GlobalSection(ExtensibilityGlobals) = postSolution
		SolutionGuid = {0FE5B4FD-87B3-4A74-B0B1-545ADC673F44}
	EndGlobalSection
EndGlobal
